
Microsoft Visual Studio Solution File, Format Version 12.00
# Visual Studio 15
VisualStudioVersion = 15.0.28307.2092
MinimumVisualStudioVersion = 10.0.40219.1
Project("{FAE04EC0-301F-11D3-BF4B-00C04F79EFBC}") = "2dPalettForm_3.5", "2dPalettForm_3.5\2dPalettForm_3.5.csproj", "{559BD48F-487F-42A8-8AF3-C362A04EB09C}"
EndProject
Global
	GlobalSection(SolutionConfigurationPlatforms) = preSolution
		Debug|Any CPU = Debug|Any CPU
		Release|Any CPU = Release|Any CPU
	EndGlobalSection
	GlobalSection(ProjectConfigurationPlatforms) = postSolution
		{559BD48F-487F-42A8-8AF3-C362A04EB09C}.Debug|Any CPU.ActiveCfg = Debug|Any CPU
		{559BD48F-487F-42A8-8AF3-C362A04EB09C}.Debug|Any CPU.Build.0 = Debug|Any CPU
		{559BD48F-487F-42A8-8AF3-C362A04EB09C}.Release|Any CPU.ActiveCfg = Release|Any CPU
		{559BD48F-487F-42A8-8AF3-C362A04EB09C}.Release|Any CPU.Build.0 = Release|Any CPU
	EndGlobalSection
	GlobalSection(SolutionProperties) = preSolution
		HideSolutionNode = FALSE
	EndGlobalSection
	GlobalSection(ExtensibilityGlobals) = postSolution
		SolutionGuid = {F6718F1A-D499-4DFF-93CE-E64BFF0F7C53}
	EndGlobalSection
EndGlobal
